
Microsoft Visual Studio Solution File, Format Version 12.00
# Visual Studio Version 17
VisualStudioVersion = 17.0.31903.59
MinimumVisualStudioVersion = 10.0.40219.1
Project("{2150E333-8FDC-42A3-9474-1A3956D46DE8}") = "src", "src", "{20B2160F-A2BB-4808-939C-94F12A4AB309}"
EndProject
Project("{2150E333-8FDC-42A3-9474-1A3956D46DE8}") = "services", "services", "{1EF10759-5218-4D5B-9415-64DDD2DCB8C7}"
EndProject
Project("{2150E333-8FDC-42A3-9474-1A3956D46DE8}") = "Products", "Products", "{683B5101-D8C8-4ADF-85D0-866004597F41}"
EndProject
Project("{FAE04EC0-301F-11D3-BF4B-00C04F79EFBC}") = "Products.Api", "Products.Api\Products.Api.csproj", "{4799BD35-F381-46B4-A9E2-7F60512B0796}"
EndProject
Global
	GlobalSection(SolutionConfigurationPlatforms) = preSolution
		Debug|Any CPU = Debug|Any CPU
		Release|Any CPU = Release|Any CPU
	EndGlobalSection
	GlobalSection(SolutionProperties) = preSolution
		HideSolutionNode = FALSE
	EndGlobalSection
	GlobalSection(ProjectConfigurationPlatforms) = postSolution
		{4799BD35-F381-46B4-A9E2-7F60512B0796}.Debug|Any CPU.ActiveCfg = Debug|Any CPU
		{4799BD35-F381-46B4-A9E2-7F60512B0796}.Debug|Any CPU.Build.0 = Debug|Any CPU
		{4799BD35-F381-46B4-A9E2-7F60512B0796}.Release|Any CPU.ActiveCfg = Release|Any CPU
		{4799BD35-F381-46B4-A9E2-7F60512B0796}.Release|Any CPU.Build.0 = Release|Any CPU
	EndGlobalSection
	GlobalSection(NestedProjects) = preSolution
		{1EF10759-5218-4D5B-9415-64DDD2DCB8C7} = {20B2160F-A2BB-4808-939C-94F12A4AB309}
		{683B5101-D8C8-4ADF-85D0-866004597F41} = {1EF10759-5218-4D5B-9415-64DDD2DCB8C7}
		{4799BD35-F381-46B4-A9E2-7F60512B0796} = {683B5101-D8C8-4ADF-85D0-866004597F41}
	EndGlobalSection
EndGlobal
